
Microsoft Visual Studio Solution File, Format Version 12.00
# Visual Studio Version 17
VisualStudioVersion = 17.9.34728.123
MinimumVisualStudioVersion = 10.0.40219.1
Project("{FAE04EC0-301F-11D3-BF4B-00C04F79EFBC}") = "App1", "App1\App1.csproj", "{32AA0719-1DDC-4CFF-9BB7-E618FFBBECB4}"
EndProject
Global
	GlobalSection(SolutionConfigurationPlatforms) = preSolution
		Debug|Any CPU = Debug|Any CPU
		Release|Any CPU = Release|Any CPU
	EndGlobalSection
	GlobalSection(ProjectConfigurationPlatforms) = postSolution
		{32AA0719-1DDC-4CFF-9BB7-E618FFBBECB4}.Debug|Any CPU.ActiveCfg = Debug|Any CPU
		{32AA0719-1DDC-4CFF-9BB7-E618FFBBECB4}.Debug|Any CPU.Build.0 = Debug|Any CPU
		{32AA0719-1DDC-4CFF-9BB7-E618FFBBECB4}.Debug|Any CPU.Deploy.0 = Debug|Any CPU
		{32AA0719-1DDC-4CFF-9BB7-E618FFBBECB4}.Release|Any CPU.ActiveCfg = Release|Any CPU
		{32AA0719-1DDC-4CFF-9BB7-E618FFBBECB4}.Release|Any CPU.Build.0 = Release|Any CPU
		{32AA0719-1DDC-4CFF-9BB7-E618FFBBECB4}.Release|Any CPU.Deploy.0 = Release|Any CPU
	EndGlobalSection
	GlobalSection(SolutionProperties) = preSolution
		HideSolutionNode = FALSE
	EndGlobalSection
	GlobalSection(ExtensibilityGlobals) = postSolution
		SolutionGuid = {B214C14D-2F18-48FF-AF33-2440F02BC111}
	EndGlobalSection
EndGlobal
